lockfileVersion: '9.0'

settings:
  autoInstallPeers: true
  excludeLinksFromLockfile: false

importers:

  .:
    dependencies:
      '@hpcc-js/wasm-graphviz':
        specifier: ^1.7.0
        version: 1.7.0
      ts-graphviz:
        specifier: ^2.1.6
        version: 2.1.6
      yaml:
        specifier: ^2.7.1
        version: 2.7.1
      zod:
        specifier: 3.23.8
        version: 3.23.8
    devDependencies:
      '@types/node':
        specifier: ^22.14.1
        version: 22.14.1
      typescript:
        specifier: ^5.8.3
        version: 5.8.3

packages:

  '@hpcc-js/wasm-graphviz@1.7.0':
    resolution: {integrity: sha512-/1XEmubfDz1UolKiVh6H4BrGX0DZwR39Y2h76LdqR17FZ3gCJoUs4jV7kUywedXerbwx1szhU3dBsNcvkEmjiQ==}

  '@ts-graphviz/adapter@2.0.6':
    resolution: {integrity: sha512-kJ10lIMSWMJkLkkCG5gt927SnGZcBuG0s0HHswGzcHTgvtUe7yk5/3zTEr0bafzsodsOq5Gi6FhQeV775nC35Q==}
    engines: {node: '>=18'}

  '@ts-graphviz/ast@2.0.7':
    resolution: {integrity: sha512-e6+2qtNV99UT6DJSoLbHfkzfyqY84aIuoV8Xlb9+hZAjgpum8iVHprGeAMQ4rF6sKUAxrmY8rfF/vgAwoPc3gw==}
    engines: {node: '>=18'}

  '@ts-graphviz/common@2.1.5':
    resolution: {integrity: sha512-S6/9+T6x8j6cr/gNhp+U2olwo1n0jKj/682QVqsh7yXWV6ednHYqxFw0ZsY3LyzT0N8jaZ6jQY9YD99le3cmvg==}
    engines: {node: '>=18'}

  '@ts-graphviz/core@2.0.7':
    resolution: {integrity: sha512-w071DSzP94YfN6XiWhOxnLpYT3uqtxJBDYdh6Jdjzt+Ce6DNspJsPQgpC7rbts/B8tEkq0LHoYuIF/O5Jh5rPg==}
    engines: {node: '>=18'}

  '@types/node@22.14.1':
    resolution: {integrity: sha512-u0HuPQwe/dHrItgHHpmw3N2fYCR6x4ivMNbPHRkBVP4CvN+kiRrKHWk3i8tXiO/joPwXLMYvF9TTF0eqgHIuOw==}

  ts-graphviz@2.1.6:
    resolution: {integrity: sha512-XyLVuhBVvdJTJr2FJJV2L1pc4MwSjMhcunRVgDE9k4wbb2ee7ORYnPewxMWUav12vxyfUM686MSGsqnVRIInuw==}
    engines: {node: '>=18'}

  typescript@5.8.3:
    resolution: {integrity: sha512-p1diW6TqL9L07nNxvRMM7hMMw4c5XOo/1ibL4aAIGmSAt9slTE1Xgw5KWuof2uTOvCg9BY7ZRi+GaF+7sfgPeQ==}
    engines: {node: '>=14.17'}
    hasBin: true

  undici-types@6.21.0:
    resolution: {integrity: sha512-iwDZqg0QAGrg9Rav5H4n0M64c3mkR59cJ6wQp+7C4nI0gsmExaedaYLNO44eT4AtBBwjbTiGPMlt2Md0T9H9JQ==}

  yaml@2.7.1:
    resolution: {integrity: sha512-10ULxpnOCQXxJvBgxsn9ptjq6uviG/htZKk9veJGhlqn3w/DxQ631zFF+nlQXLwmImeS5amR2dl2U8sg6U9jsQ==}
    engines: {node: '>= 14'}
    hasBin: true

  zod@3.23.8:
    resolution: {integrity: sha512-XBx9AXhXktjUqnepgTiE5flcKIYWi/rme0Eaj+5Y0lftuGBq+jyRu/md4WnuxqgP1ubdpNCsYEYPxrzVHD8d6g==}

snapshots:

  '@hpcc-js/wasm-graphviz@1.7.0': {}

  '@ts-graphviz/adapter@2.0.6':
    dependencies:
      '@ts-graphviz/common': 2.1.5

  '@ts-graphviz/ast@2.0.7':
    dependencies:
      '@ts-graphviz/common': 2.1.5

  '@ts-graphviz/common@2.1.5': {}

  '@ts-graphviz/core@2.0.7':
    dependencies:
      '@ts-graphviz/ast': 2.0.7
      '@ts-graphviz/common': 2.1.5

  '@types/node@22.14.1':
    dependencies:
      undici-types: 6.21.0

  ts-graphviz@2.1.6:
    dependencies:
      '@ts-graphviz/adapter': 2.0.6
      '@ts-graphviz/ast': 2.0.7
      '@ts-graphviz/common': 2.1.5
      '@ts-graphviz/core': 2.0.7

  typescript@5.8.3: {}

  undici-types@6.21.0: {}

  yaml@2.7.1: {}

  zod@3.23.8: {}
